
Microsoft Visual Studio Solution File, Format Version 12.00
# Visual Studio Version 17
VisualStudioVersion = 17.8.34322.80
MinimumVisualStudioVersion = 10.0.40219.1
Project("{FAE04EC0-301F-11D3-BF4B-00C04F79EFBC}") = "programme_poo", "programme_poo\programme_poo.csproj", "{B5864E20-8BC0-4D98-8FC6-039BA832815D}"
EndProject
Global
	GlobalSection(SolutionConfigurationPlatforms) = preSolution
		Debug|Any CPU = Debug|Any CPU
		Release|Any CPU = Release|Any CPU
	EndGlobalSection
	GlobalSection(ProjectConfigurationPlatforms) = postSolution
		{B5864E20-8BC0-4D98-8FC6-039BA832815D}.Debug|Any CPU.ActiveCfg = Debug|Any CPU
		{B5864E20-8BC0-4D98-8FC6-039BA832815D}.Debug|Any CPU.Build.0 = Debug|Any CPU
		{B5864E20-8BC0-4D98-8FC6-039BA832815D}.Release|Any CPU.ActiveCfg = Release|Any CPU
		{B5864E20-8BC0-4D98-8FC6-039BA832815D}.Release|Any CPU.Build.0 = Release|Any CPU
	EndGlobalSection
	GlobalSection(SolutionProperties) = preSolution
		HideSolutionNode = FALSE
	EndGlobalSection
	GlobalSection(ExtensibilityGlobals) = postSolution
		SolutionGuid = {4A8015B5-8896-4A07-9844-1A6E6203597F}
	EndGlobalSection
EndGlobal
